
Microsoft Visual Studio Solution File, Format Version 12.00
# Visual Studio Version 17
VisualStudioVersion = 17.14.36408.4 d17.14
MinimumVisualStudioVersion = 10.0.40219.1
Project("{FAE04EC0-301F-11D3-BF4B-00C04F79EFBC}") = "WebAPIUsuario", "WebAPIUsuario\WebAPIUsuario.csproj", "{4E75AF99-4A01-47D1-80E0-51CA35B3E0A9}"
EndProject
Global
	GlobalSection(SolutionConfigurationPlatforms) = preSolution
		Debug|Any CPU = Debug|Any CPU
		Release|Any CPU = Release|Any CPU
	EndGlobalSection
	GlobalSection(ProjectConfigurationPlatforms) = postSolution
		{4E75AF99-4A01-47D1-80E0-51CA35B3E0A9}.Debug|Any CPU.ActiveCfg = Debug|Any CPU
		{4E75AF99-4A01-47D1-80E0-51CA35B3E0A9}.Debug|Any CPU.Build.0 = Debug|Any CPU
		{4E75AF99-4A01-47D1-80E0-51CA35B3E0A9}.Release|Any CPU.ActiveCfg = Release|Any CPU
		{4E75AF99-4A01-47D1-80E0-51CA35B3E0A9}.Release|Any CPU.Build.0 = Release|Any CPU
	EndGlobalSection
	GlobalSection(SolutionProperties) = preSolution
		HideSolutionNode = FALSE
	EndGlobalSection
	GlobalSection(ExtensibilityGlobals) = postSolution
		SolutionGuid = {2235E5E3-89CB-4FE5-AEB0-DACCF807C342}
	EndGlobalSection
EndGlobal
