
Microsoft Visual Studio Solution File, Format Version 12.00
# Visual Studio Version 17
VisualStudioVersion = 17.14.36408.4 d17.14
MinimumVisualStudioVersion = 10.0.40219.1
Project("{FAE04EC0-301F-11D3-BF4B-00C04F79EFBC}") = "PruebaApp", "PruebaApp\PruebaApp.csproj", "{9522B79C-D1AC-41C0-81DB-1446823923B9}"
EndProject
Global
	GlobalSection(SolutionConfigurationPlatforms) = preSolution
		Debug|Any CPU = Debug|Any CPU
		Release|Any CPU = Release|Any CPU
	EndGlobalSection
	GlobalSection(ProjectConfigurationPlatforms) = postSolution
		{9522B79C-D1AC-41C0-81DB-1446823923B9}.Debug|Any CPU.ActiveCfg = Debug|Any CPU
		{9522B79C-D1AC-41C0-81DB-1446823923B9}.Debug|Any CPU.Build.0 = Debug|Any CPU
		{9522B79C-D1AC-41C0-81DB-1446823923B9}.Release|Any CPU.ActiveCfg = Release|Any CPU
		{9522B79C-D1AC-41C0-81DB-1446823923B9}.Release|Any CPU.Build.0 = Release|Any CPU
	EndGlobalSection
	GlobalSection(SolutionProperties) = preSolution
		HideSolutionNode = FALSE
	EndGlobalSection
	GlobalSection(ExtensibilityGlobals) = postSolution
		SolutionGuid = {B4CBCDFB-1FBC-41A2-B2FF-E971E1521FA2}
	EndGlobalSection
EndGlobal
