
Microsoft Visual Studio Solution File, Format Version 12.00
# Visual Studio Version 17
VisualStudioVersion = 17.14.36408.4 d17.14
MinimumVisualStudioVersion = 10.0.40219.1
Project("{FAE04EC0-301F-11D3-BF4B-00C04F79EFBC}") = "StringMethod", "StringMethod\StringMethod.csproj", "{2AFE0DCB-4B23-4EC3-A289-4857DFBCE5BA}"
EndProject
Global
	GlobalSection(SolutionConfigurationPlatforms) = preSolution
		Debug|Any CPU = Debug|Any CPU
		Release|Any CPU = Release|Any CPU
	EndGlobalSection
	GlobalSection(ProjectConfigurationPlatforms) = postSolution
		{2AFE0DCB-4B23-4EC3-A289-4857DFBCE5BA}.Debug|Any CPU.ActiveCfg = Debug|Any CPU
		{2AFE0DCB-4B23-4EC3-A289-4857DFBCE5BA}.Debug|Any CPU.Build.0 = Debug|Any CPU
		{2AFE0DCB-4B23-4EC3-A289-4857DFBCE5BA}.Release|Any CPU.ActiveCfg = Release|Any CPU
		{2AFE0DCB-4B23-4EC3-A289-4857DFBCE5BA}.Release|Any CPU.Build.0 = Release|Any CPU
	EndGlobalSection
	GlobalSection(SolutionProperties) = preSolution
		HideSolutionNode = FALSE
	EndGlobalSection
	GlobalSection(ExtensibilityGlobals) = postSolution
		SolutionGuid = {8EC57CD5-6AA0-4BA5-9F36-3998E9CC489D}
	EndGlobalSection
EndGlobal
